// !$*UTF8*$!
{
	archiveVersion = 1;
	classes = {
	};
	objectVersion = 46;
	objects = {

/* Begin PBXBuildFile section */
		D1C422801BF2805A007D5427 /* AppDelegate.swift in Sources */ = {isa = PBXBuildFile; fileRef = D1C4227F1BF2805A007D5427 /* AppDelegate.swift */; };
		D1C422821BF2805A007D5427 /* ViewController.swift in Sources */ = {isa = PBXBuildFile; fileRef = D1C422811BF2805A007D5427 /* ViewController.swift */; };
		D1C422851BF2805A007D5427 /* Main.storyboard in Resources */ = {isa = PBXBuildFile; fileRef = D1C422831BF2805A007D5427 /* Main.storyboard */; };
		D1C422871BF2805A007D5427 /* Assets.xcassets in Resources */ = {isa = PBXBuildFile; fileRef = D1C422861BF2805A007D5427 /* Assets.xcassets */; };
		D1C4228A1BF2805A007D5427 /* LaunchScreen.storyboard in Resources */ = {isa = PBXBuildFile; fileRef = D1C422881BF2805A007D5427 /* LaunchScreen.storyboard */; };
		D1C422951BF2805B007D5427 /* ContactsTests.swift in Sources */ = {isa = PBXBuildFile; fileRef = D1C422941BF2805B007D5427 /* ContactsTests.swift */; };
		D1C422A01BF2805B007D5427 /* ContactsUITests.swift in Sources */ = {isa = PBXBuildFile; fileRef = D1C4229F1BF2805B007D5427 /* ContactsUITests.swift */; };
		D1C422AE1BF280FC007D5427 /* ContactsTableViewController.swift in Sources */ = {isa = PBXBuildFile; fileRef = D1C422AD1BF280FC007D5427 /* ContactsTableViewController.swift */; settings = {ASSET_TAGS = (); }; };
		D1C42C951BFB8F22004D3CCA /* Contact.swift in Sources */ = {isa = PBXBuildFile; fileRef = D1C42C941BFB8F22004D3CCA /* Contact.swift */; settings = {ASSET_TAGS = (); }; };
		D1C42C971BFB9236004D3CCA /* DetailViewController.swift in Sources */ = {isa = PBXBuildFile; fileRef = D1C42C961BFB9236004D3CCA /* DetailViewController.swift */; settings = {ASSET_TAGS = (); }; };
/* End PBXBuildFile section */

/* Begin PBXContainerItemProxy section */
		D1C422911BF2805B007D5427 /* PBXContainerItemProxy */ = {
			isa = PBXContainerItemProxy;
			containerPortal = D1C422741BF2805A007D5427 /* Project object */;
			proxyType = 1;
			remoteGlobalIDString = D1C4227B1BF2805A007D5427;
			remoteInfo = Contacts;
		};
		D1C4229C1BF2805B007D5427 /* PBXContainerItemProxy */ = {
			isa = PBXContainerItemProxy;
			containerPortal = D1C422741BF2805A007D5427 /* Project object */;
			proxyType = 1;
			remoteGlobalIDString = D1C4227B1BF2805A007D5427;
			remoteInfo = Contacts;
		};
/* End PBXContainerItemProxy section */

/* Begin PBXFileReference section */
		D1C4227C1BF2805A007D5427 /* Contacts.app */ = {isa = PBXFileReference; explicitFileType = wrapper.application; includeInIndex = 0; path = Contacts.app; sourceTree = BUILT_PRODUCTS_DIR; };
		D1C4227F1BF2805A007D5427 /* AppDelegate.swift */ = {isa = PBXFileReference; lastKnownFileType = sourcecode.swift; path = AppDelegate.swift; sourceTree = "<group>"; };
		D1C422811BF2805A007D5427 /* ViewController.swift */ = {isa = PBXFileReference; lastKnownFileType = sourcecode.swift; path = ViewController.swift; sourceTree = "<group>"; };
		D1C422841BF2805A007D5427 /* Base */ = {isa = PBXFileReference; lastKnownFileType = file.storyboard; name = Base; path = Base.lproj/Main.storyboard; sourceTree = "<group>"; };
		D1C422861BF2805A007D5427 /* Assets.xcassets */ = {isa = PBXFileReference; lastKnownFileType = folder.assetcatalog; path = Assets.xcassets; sourceTree = "<group>"; };
		D1C422891BF2805A007D5427 /* Base */ = {isa = PBXFileReference; lastKnownFileType = file.storyboard; name = Base; path = Base.lproj/LaunchScreen.storyboard; sourceTree = "<group>"; };
		D1C4228B1BF2805A007D5427 /* Info.plist */ = {isa = PBXFileReference; lastKnownFileType = text.plist.xml; path = Info.plist; sourceTree = "<group>"; };
		D1C422901BF2805B007D5427 /* ContactsTests.xctest */ = {isa = PBXFileReference; explicitFileType = wrapper.cfbundle; includeInIndex = 0; path = ContactsTests.xctest; sourceTree = BUILT_PRODUCTS_DIR; };
		D1C422941BF2805B007D5427 /* ContactsTests.swift */ = {isa = PBXFileReference; lastKnownFileType = sourcecode.swift; path = ContactsTests.swift; sourceTree = "<group>"; };
		D1C422961BF2805B007D5427 /* Info.plist */ = {isa = PBXFileReference; lastKnownFileType = text.plist.xml; path = Info.plist; sourceTree = "<group>"; };
		D1C4229B1BF2805B007D5427 /* ContactsUITests.xctest */ = {isa = PBXFileReference; explicitFileType = wrapper.cfbundle; includeInIndex = 0; path = ContactsUITests.xctest; sourceTree = BUILT_PRODUCTS_DIR; };
		D1C4229F1BF2805B007D5427 /* ContactsUITests.swift */ = {isa = PBXFileReference; lastKnownFileType = sourcecode.swift; path = ContactsUITests.swift; sourceTree = "<group>"; };
		D1C422A11BF2805B007D5427 /* Info.plist */ = {isa = PBXFileReference; lastKnownFileType = text.plist.xml; path = Info.plist; sourceTree = "<group>"; };
		D1C422AD1BF280FC007D5427 /* ContactsTableViewController.swift */ = {isa = PBXFileReference; fileEncoding = 4; indentWidth = 5; lastKnownFileType = sourcecode.swift; path = ContactsTableViewController.swift; sourceTree = "<group>"; };
		D1C42C941BFB8F22004D3CCA /* Contact.swift */ = {isa = PBXFileReference; fileEncoding = 4; lastKnownFileType = sourcecode.swift; path = Contact.swift; sourceTree = "<group>"; };
		D1C42C961BFB9236004D3CCA /* DetailViewController.swift */ = {isa = PBXFileReference; fileEncoding = 4; lastKnownFileType = sourcecode.swift; path = DetailViewController.swift; sourceTree = "<group>"; };
/* End PBXFileReference section */

/* Begin PBXFrameworksBuildPhase section */
		D1C422791BF2805A007D5427 /* Frameworks */ = {
			isa = PBXFrameworksBuildPhase;
			buildActionMask = 2147483647;
			files = (
			);
			runOnlyForDeploymentPostprocessing = 0;
		};
		D1C4228D1BF2805B007D5427 /* Frameworks */ = {
			isa = PBXFrameworksBuildPhase;
			buildActionMask = 2147483647;
			files = (
			);
			runOnlyForDeploymentPostprocessing = 0;
		};
		D1C422981BF2805B007D5427 /* Frameworks */ = {
			isa = PBXFrameworksBuildPhase;
			buildActionMask = 2147483647;
			files = (
			);
			runOnlyForDeploymentPostprocessing = 0;
		};
/* End PBXFrameworksBuildPhase section */

/* Begin PBXGroup section */
		D1C422731BF2805A007D5427 = {
			isa = PBXGroup;
			children = (
				D1C4227E1BF2805A007D5427 /* Contacts */,
				D1C422931BF2805B007D5427 /* ContactsTests */,
				D1C4229E1BF2805B007D5427 /* ContactsUITests */,
				D1C4227D1BF2805A007D5427 /* Products */,
			);
			sourceTree = "<group>";
		};
		D1C4227D1BF2805A007D5427 /* Products */ = {
			isa = PBXGroup;
			children = (
				D1C4227C1BF2805A007D5427 /* Contacts.app */,
				D1C422901BF2805B007D5427 /* ContactsTests.xctest */,
				D1C4229B1BF2805B007D5427 /* ContactsUITests.xctest */,
			);
			name = Products;
			sourceTree = "<group>";
		};
		D1C4227E1BF2805A007D5427 /* Contacts */ = {
			isa = PBXGroup;
			children = (
				D1C4227F1BF2805A007D5427 /* AppDelegate.swift */,
				D1C422811BF2805A007D5427 /* ViewController.swift */,
				D1C422831BF2805A007D5427 /* Main.storyboard */,
				D1C42C961BFB9236004D3CCA /* DetailViewController.swift */,
				D1C422AD1BF280FC007D5427 /* ContactsTableViewController.swift */,
				D1C42C941BFB8F22004D3CCA /* Contact.swift */,
				D1C422861BF2805A007D5427 /* Assets.xcassets */,
				D1C422881BF2805A007D5427 /* LaunchScreen.storyboard */,
				D1C4228B1BF2805A007D5427 /* Info.plist */,
			);
			path = Contacts;
			sourceTree = "<group>";
		};
		D1C422931BF2805B007D5427 /* ContactsTests */ = {
			isa = PBXGroup;
			children = (
				D1C422941BF2805B007D5427 /* ContactsTests.swift */,
				D1C422961BF2805B007D5427 /* Info.plist */,
			);
			path = ContactsTests;
			sourceTree = "<group>";
		};
		D1C4229E1BF2805B007D5427 /* ContactsUITests */ = {
			isa = PBXGroup;
			children = (
				D1C4229F1BF2805B007D5427 /* ContactsUITests.swift */,
				D1C422A11BF2805B007D5427 /* Info.plist */,
			);
			path = ContactsUITests;
			sourceTree = "<group>";
		};
/* End PBXGroup section */

/* Begin PBXNativeTarget section */
		D1C4227B1BF2805A007D5427 /* Contacts */ = {
			isa = PBXNativeTarget;
			buildConfigurationList = D1C422A41BF2805B007D5427 /* Build configuration list for PBXNativeTarget "Contacts" */;
			buildPhases = (
				D1C422781BF2805A007D5427 /* Sources */,
				D1C422791BF2805A007D5427 /* Frameworks */,
				D1C4227A1BF2805A007D5427 /* Resources */,
			);
			buildRules = (
			);
			dependencies = (
			);
			name = Contacts;
			productName = Contacts;
			productReference = D1C4227C1BF2805A007D5427 /* Contacts.app */;
			productType = "com.apple.product-type.application";
		};
		D1C4228F1BF2805B007D5427 /* ContactsTests */ = {
			isa = PBXNativeTarget;
			buildConfigurationList = D1C422A71BF2805B007D5427 /* Build configuration list for PBXNativeTarget "ContactsTests" */;
			buildPhases = (
				D1C4228C1BF2805B007D5427 /* Sources */,
				D1C4228D1BF2805B007D5427 /* Frameworks */,
				D1C4228E1BF2805B007D5427 /* Resources */,
			);
			buildRules = (
			);
			dependencies = (
				D1C422921BF2805B007D5427 /* PBXTargetDependency */,
			);
			name = ContactsTests;
			productName = ContactsTests;
			productReference = D1C422901BF2805B007D5427 /* ContactsTests.xctest */;
			productType = "com.apple.product-type.bundle.unit-test";
		};
		D1C4229A1BF2805B007D5427 /* ContactsUITests */ = {
			isa = PBXNativeTarget;
			buildConfigurationList = D1C422AA1BF2805B007D5427 /* Build configuration list for PBXNativeTarget "ContactsUITests" */;
			buildPhases = (
				D1C422971BF2805B007D5427 /* Sources */,
				D1C422981BF2805B007D5427 /* Frameworks */,
				D1C422991BF2805B007D5427 /* Resources */,
			);
			buildRules = (
			);
			dependencies = (
				D1C4229D1BF2805B007D5427 /* PBXTargetDependency */,
			);
			name = ContactsUITests;
			productName = ContactsUITests;
			productReference = D1C4229B1BF2805B007D5427 /* ContactsUITests.xctest */;
			productType = "com.apple.product-type.bundle.ui-testing";
		};
/* End PBXNativeTarget section */

/* Begin PBXProject section */
		D1C422741BF2805A007D5427 /* Project object */ = {
			isa = PBXProject;
			attributes = {
				LastUpgradeCheck = 0700;
				ORGANIZATIONNAME = "Rosalyn Koscica";
				TargetAttributes = {
					D1C4227B1BF2805A007D5427 = {
						CreatedOnToolsVersion = 7.0.1;
					};
					D1C4228F1BF2805B007D5427 = {
						CreatedOnToolsVersion = 7.0.1;
						TestTargetID = D1C4227B1BF2805A007D5427;
					};
					D1C4229A1BF2805B007D5427 = {
						CreatedOnToolsVersion = 7.0.1;
						TestTargetID = D1C4227B1BF2805A007D5427;
					};
				};
			};
			buildConfigurationList = D1C422771BF2805A007D5427 /* Build configuration list for PBXProject "Contacts" */;
			compatibilityVersion = "Xcode 3.2";
			developmentRegion = English;
			hasScannedForEncodings = 0;
			knownRegions = (
				en,
				Base,
			);
			mainGroup = D1C422731BF2805A007D5427;
			productRefGroup = D1C4227D1BF2805A007D5427 /* Products */;
			projectDirPath = "";
			projectRoot = "";
			targets = (
				D1C4227B1BF2805A007D5427 /* Contacts */,
				D1C4228F1BF2805B007D5427 /* ContactsTests */,
				D1C4229A1BF2805B007D5427 /* ContactsUITests */,
			);
		};
/* End PBXProject section */

/* Begin PBXResourcesBuildPhase section */
		D1C4227A1BF2805A007D5427 /* Resources */ = {
			isa = PBXResourcesBuildPhase;
			buildActionMask = 2147483647;
			files = (
				D1C4228A1BF2805A007D5427 /* LaunchScreen.storyboard in Resources */,
				D1C422871BF2805A007D5427 /* Assets.xcassets in Resources */,
				D1C422851BF2805A007D5427 /* Main.storyboard in Resources */,
			);
			runOnlyForDeploymentPostprocessing = 0;
		};
		D1C4228E1BF2805B007D5427 /* Resources */ = {
			isa = PBXResourcesBuildPhase;
			buildActionMask = 2147483647;
			files = (
			);
			runOnlyForDeploymentPostprocessing = 0;
		};
		D1C422991BF2805B007D5427 /* Resources */ = {
			isa = PBXResourcesBuildPhase;
			buildActionMask = 2147483647;
			files = (
			);
			runOnlyForDeploymentPostprocessing = 0;
		};
/* End PBXResourcesBuildPhase section */

/* Begin PBXSourcesBuildPhase section */
		D1C422781BF2805A007D5427 /* Sources */ = {
			isa = PBXSourcesBuildPhase;
			buildActionMask = 2147483647;
			files = (
				D1C42C951BFB8F22004D3CCA /* Contact.swift in Sources */,
				D1C422821BF2805A007D5427 /* ViewController.swift in Sources */,
				D1C42C971BFB9236004D3CCA /* DetailViewController.swift in Sources */,
				D1C422801BF2805A007D5427 /* AppDelegate.swift in Sources */,
				D1C422AE1BF280FC007D5427 /* ContactsTableViewController.swift in Sources */,
			);
			runOnlyForDeploymentPostprocessing = 0;
		};
		D1C4228C1BF2805B007D5427 /* Sources */ = {
			isa = PBXSourcesBuildPhase;
			buildActionMask = 2147483647;
			files = (
				D1C422951BF2805B007D5427 /* ContactsTests.swift in Sources */,
			);
			runOnlyForDeploymentPostprocessing = 0;
		};
		D1C422971BF2805B007D5427 /* Sources */ = {
			isa = PBXSourcesBuildPhase;
			buildActionMask = 2147483647;
			files = (
				D1C422A01BF2805B007D5427 /* ContactsUITests.swift in Sources */,
			);
			runOnlyForDeploymentPostprocessing = 0;
		};
/* End PBXSourcesBuildPhase section */

/* Begin PBXTargetDependency section */
		D1C422921BF2805B007D5427 /* PBXTargetDependency */ = {
			isa = PBXTargetDependency;
			target = D1C4227B1BF2805A007D5427 /* Contacts */;
			targetProxy = D1C422911BF2805B007D5427 /* PBXContainerItemProxy */;
		};
		D1C4229D1BF2805B007D5427 /* PBXTargetDependency */ = {
			isa = PBXTargetDependency;
			target = D1C4227B1BF2805A007D5427 /* Contacts */;
			targetProxy = D1C4229C1BF2805B007D5427 /* PBXContainerItemProxy */;
		};
/* End PBXTargetDependency section */

/* Begin PBXVariantGroup section */
		D1C422831BF2805A007D5427 /* Main.storyboard */ = {
			isa = PBXVariantGroup;
			children = (
				D1C422841BF2805A007D5427 /* Base */,
			);
			name = Main.storyboard;
			sourceTree = "<group>";
		};
		D1C422881BF2805A007D5427 /* LaunchScreen.storyboard */ = {
			isa = PBXVariantGroup;
			children = (
				D1C422891BF2805A007D5427 /* Base */,
			);
			name = LaunchScreen.storyboard;
			sourceTree = "<group>";
		};
/* End PBXVariantGroup section */

/* Begin XCBuildConfiguration section */
		D1C422A21BF2805B007D5427 /* Debug */ = {
			isa = XCBuildConfiguration;
			buildSettings = {
				ALWAYS_SEARCH_USER_PATHS = NO;
				CLANG_CXX_LANGUAGE_STANDARD = "gnu++0x";
				CLANG_CXX_LIBRARY = "libc++";
				CLANG_ENABLE_MODULES = YES;
				CLANG_ENABLE_OBJC_ARC = YES;
				CLANG_WARN_BOOL_CONVERSION = YES;
				CLANG_WARN_CONSTANT_CONVERSION = YES;
				CLANG_WARN_DIRECT_OBJC_ISA_USAGE = YES_ERROR;
				CLANG_WARN_EMPTY_BODY = YES;
				CLANG_WARN_ENUM_CONVERSION = YES;
				CLANG_WARN_INT_CONVERSION = YES;
				CLANG_WARN_OBJC_ROOT_CLASS = YES_ERROR;
				CLANG_WARN_UNREACHABLE_CODE = YES;
				CLANG_WARN__DUPLICATE_METHOD_MATCH = YES;
				"CODE_SIGN_IDENTITY[sdk=iphoneos*]" = "iPhone Developer";
				COPY_PHASE_STRIP = NO;
				DEBUG_INFORMATION_FORMAT = dwarf;
				ENABLE_STRICT_OBJC_MSGSEND = YES;
				ENABLE_TESTABILITY = YES;
				GCC_C_LANGUAGE_STANDARD = gnu99;
				GCC_DYNAMIC_NO_PIC = NO;
				GCC_NO_COMMON_BLOCKS = YES;
				GCC_OPTIMIZATION_LEVEL = 0;
				GCC_PREPROCESSOR_DEFINITIONS = (
					"DEBUG=1",
					"$(inherited)",
				);
				GCC_WARN_64_TO_32_BIT_CONVERSION = YES;
				GCC_WARN_ABOUT_RETURN_TYPE = YES_ERROR;
				GCC_WARN_UNDECLARED_SELECTOR = YES;
				GCC_WARN_UNINITIALIZED_AUTOS = YES_AGGRESSIVE;
				GCC_WARN_UNUSED_FUNCTION = YES;
				GCC_WARN_UNUSED_VARIABLE = YES;
				IPHONEOS_DEPLOYMENT_TARGET = 9.0;
				MTL_ENABLE_DEBUG_INFO = YES;
				ONLY_ACTIVE_ARCH = YES;
				SDKROOT = iphoneos;
				SWIFT_OPTIMIZATION_LEVEL = "-Onone";
			};
			name = Debug;
		};
		D1C422A31BF2805B007D5427 /* Release */ = {
			isa = XCBuildConfiguration;
			buildSettings = {
				ALWAYS_SEARCH_USER_PATHS = NO;
				CLANG_CXX_LANGUAGE_STANDARD = "gnu++0x";
				CLANG_CXX_LIBRARY = "libc++";
				CLANG_ENABLE_MODULES = YES;
				CLANG_ENABLE_OBJC_ARC = YES;
				CLANG_WARN_BOOL_CONVERSION = YES;
				CLANG_WARN_CONSTANT_CONVERSION = YES;
				CLANG_WARN_DIRECT_OBJC_ISA_USAGE = YES_ERROR;
				CLANG_WARN_EMPTY_BODY = YES;
				CLANG_WARN_ENUM_CONVERSION = YES;
				CLANG_WARN_INT_CONVERSION = YES;
				CLANG_WARN_OBJC_ROOT_CLASS = YES_ERROR;
				CLANG_WARN_UNREACHABLE_CODE = YES;
				CLANG_WARN__DUPLICATE_METHOD_MATCH = YES;
				"CODE_SIGN_IDENTITY[sdk=iphoneos*]" = "iPhone Developer";
				COPY_PHASE_STRIP = NO;
				DEBUG_INFORMATION_FORMAT = "dwarf-with-dsym";
				ENABLE_NS_ASSERTIONS = NO;
				ENABLE_STRICT_OBJC_MSGSEND = YES;
				GCC_C_LANGUAGE_STANDARD = gnu99;
				GCC_NO_COMMON_BLOCKS = YES;
				GCC_WARN_64_TO_32_BIT_CONVERSION = YES;
				GCC_WARN_ABOUT_RETURN_TYPE = YES_ERROR;
				GCC_WARN_UNDECLARED_SELECTOR = YES;
				GCC_WARN_UNINITIALIZED_AUTOS = YES_AGGRESSIVE;
				GCC_WARN_UNUSED_FUNCTION = YES;
				GCC_WARN_UNUSED_VARIABLE = YES;
				IPHONEOS_DEPLOYMENT_TARGET = 9.0;
				MTL_ENABLE_DEBUG_INFO = NO;
				SDKROOT = iphoneos;
				VALIDATE_PRODUCT = YES;
			};
			name = Release;
		};
		D1C422A51BF2805B007D5427 /* Debug */ = {
			isa = XCBuildConfiguration;
			buildSettings = {
				ASSETCATALOG_COMPILER_APPICON_NAME = AppIcon;
				INFOPLIST_FILE = Contacts/Info.plist;
				LD_RUNPATH_SEARCH_PATHS = "$(inherited) @executable_path/Frameworks";
				PRODUCT_BUNDLE_IDENTIFIER = applab.Contacts;
				PRODUCT_NAME = "$(TARGET_NAME)";
			};
			name = Debug;
		};
		D1C422A61BF2805B007D5427 /* Release */ = {
			isa = XCBuildConfiguration;
			buildSettings = {
				ASSETCATALOG_COMPILER_APPICON_NAME = AppIcon;
				INFOPLIST_FILE = Contacts/Info.plist;
				LD_RUNPATH_SEARCH_PATHS = "$(inherited) @executable_path/Frameworks";
				PRODUCT_BUNDLE_IDENTIFIER = applab.Contacts;
				PRODUCT_NAME = "$(TARGET_NAME)";
			};
			name = Release;
		};
		D1C422A81BF2805B007D5427 /* Debug */ = {
			isa = XCBuildConfiguration;
			buildSettings = {
				BUNDLE_LOADER = "$(TEST_HOST)";
				INFOPLIST_FILE = ContactsTests/Info.plist;
				LD_RUNPATH_SEARCH_PATHS = "$(inherited) @executable_path/Frameworks @loader_path/Frameworks";
				PRODUCT_BUNDLE_IDENTIFIER = applab.ContactsTests;
				PRODUCT_NAME = "$(TARGET_NAME)";
				TEST_HOST = "$(BUILT_PRODUCTS_DIR)/Contacts.app/Contacts";
			};
			name = Debug;
		};
		D1C422A91BF2805B007D5427 /* Release */ = {
			isa = XCBuildConfiguration;
			buildSettings = {
				BUNDLE_LOADER = "$(TEST_HOST)";
				INFOPLIST_FILE = ContactsTests/Info.plist;
				LD_RUNPATH_SEARCH_PATHS = "$(inherited) @executable_path/Frameworks @loader_path/Frameworks";
				PRODUCT_BUNDLE_IDENTIFIER = applab.ContactsTests;
				PRODUCT_NAME = "$(TARGET_NAME)";
				TEST_HOST = "$(BUILT_PRODUCTS_DIR)/Contacts.app/Contacts";
			};
			name = Release;
		};
		D1C422AB1BF2805B007D5427 /* Debug */ = {
			isa = XCBuildConfiguration;
			buildSettings = {
				INFOPLIST_FILE = ContactsUITests/Info.plist;
				LD_RUNPATH_SEARCH_PATHS = "$(inherited) @executable_path/Frameworks @loader_path/Frameworks";
				PRODUCT_BUNDLE_IDENTIFIER = applab.ContactsUITests;
				PRODUCT_NAME = "$(TARGET_NAME)";
				TEST_TARGET_NAME = Contacts;
				USES_XCTRUNNER = YES;
			};
			name = Debug;
		};
		D1C422AC1BF2805B007D5427 /* Release */ = {
			isa = XCBuildConfiguration;
			buildSettings = {
				INFOPLIST_FILE = ContactsUITests/Info.plist;
				LD_RUNPATH_SEARCH_PATHS = "$(inherited) @executable_path/Frameworks @loader_path/Frameworks";
				PRODUCT_BUNDLE_IDENTIFIER = applab.ContactsUITests;
				PRODUCT_NAME = "$(TARGET_NAME)";
				TEST_TARGET_NAME = Contacts;
				USES_XCTRUNNER = YES;
			};
			name = Release;
		};
/* End XCBuildConfiguration section */

/* Begin XCConfigurationList section */
		D1C422771BF2805A007D5427 /* Build configuration list for PBXProject "Contacts" */ = {
			isa = XCConfigurationList;
			buildConfigurations = (
				D1C422A21BF2805B007D5427 /* Debug */,
				D1C422A31BF2805B007D5427 /* Release */,
			);
			defaultConfigurationIsVisible = 0;
			defaultConfigurationName = Release;
		};
		D1C422A41BF2805B007D5427 /* Build configuration list for PBXNativeTarget "Contacts" */ = {
			isa = XCConfigurationList;
			buildConfigurations = (
				D1C422A51BF2805B007D5427 /* Debug */,
				D1C422A61BF2805B007D5427 /* Release */,
			);
			defaultConfigurationIsVisible = 0;
			defaultConfigurationName = Release;
		};
		D1C422A71BF2805B007D5427 /* Build configuration list for PBXNativeTarget "ContactsTests" */ = {
			isa = XCConfigurationList;
			buildConfigurations = (
				D1C422A81BF2805B007D5427 /* Debug */,
				D1C422A91BF2805B007D5427 /* Release */,
			);
			defaultConfigurationIsVisible = 0;
			defaultConfigurationName = Release;
		};
		D1C422AA1BF2805B007D5427 /* Build configuration list for PBXNativeTarget "ContactsUITests" */ = {
			isa = XCConfigurationList;
			buildConfigurations = (
				D1C422AB1BF2805B007D5427 /* Debug */,
				D1C422AC1BF2805B007D5427 /* Release */,
			);
			defaultConfigurationIsVisible = 0;
			defaultConfigurationName = Release;
		};
/* End XCConfigurationList section */
	};
	rootObject = D1C422741BF2805A007D5427 /* Project object */;
}
